
Microsoft Visual Studio Solution File, Format Version 12.00
# Visual Studio 15
VisualStudioVersion = 15.0.28307.106
MinimumVisualStudioVersion = 10.0.40219.1
Project("{FAE04EC0-301F-11D3-BF4B-00C04F79EFBC}") = "Craft-dish.Android", "Craft-dish\Craft-dish.Android\Craft-dish.Android.csproj", "{BD433F6A-6DA4-4C76-B904-523BE489DDA1}"
EndProject
Project("{FAE04EC0-301F-11D3-BF4B-00C04F79EFBC}") = "Craft-dish", "Craft-dish\Craft-dish\Craft-dish.csproj", "{EEEDCE7D-F817-476A-8226-CDE3E29A5F2D}"
EndProject
Global
	GlobalSection(SolutionConfigurationPlatforms) = preSolution
		Debug|Any CPU = Debug|Any CPU
		Release|Any CPU = Release|Any CPU
	EndGlobalSection
	GlobalSection(ProjectConfigurationPlatforms) = postSolution
		{BD433F6A-6DA4-4C76-B904-523BE489DDA1}.Debug|Any CPU.ActiveCfg = Debug|Any CPU
		{BD433F6A-6DA4-4C76-B904-523BE489DDA1}.Debug|Any CPU.Build.0 = Debug|Any CPU
		{BD433F6A-6DA4-4C76-B904-523BE489DDA1}.Debug|Any CPU.Deploy.0 = Debug|Any CPU
		{BD433F6A-6DA4-4C76-B904-523BE489DDA1}.Release|Any CPU.ActiveCfg = Release|Any CPU
		{BD433F6A-6DA4-4C76-B904-523BE489DDA1}.Release|Any CPU.Build.0 = Release|Any CPU
		{BD433F6A-6DA4-4C76-B904-523BE489DDA1}.Release|Any CPU.Deploy.0 = Release|Any CPU
		{EEEDCE7D-F817-476A-8226-CDE3E29A5F2D}.Debug|Any CPU.ActiveCfg = Debug|Any CPU
		{EEEDCE7D-F817-476A-8226-CDE3E29A5F2D}.Debug|Any CPU.Build.0 = Debug|Any CPU
		{EEEDCE7D-F817-476A-8226-CDE3E29A5F2D}.Release|Any CPU.ActiveCfg = Release|Any CPU
		{EEEDCE7D-F817-476A-8226-CDE3E29A5F2D}.Release|Any CPU.Build.0 = Release|Any CPU
	EndGlobalSection
	GlobalSection(SolutionProperties) = preSolution
		HideSolutionNode = FALSE
	EndGlobalSection
	GlobalSection(ExtensibilityGlobals) = postSolution
		SolutionGuid = {0E51B3C6-953F-42C4-80F0-FFC486C29B6C}
	EndGlobalSection
EndGlobal
