
Microsoft Visual Studio Solution File, Format Version 12.00
# Visual Studio 15
VisualStudioVersion = 15.0.28307.106
MinimumVisualStudioVersion = 10.0.40219.1
Project("{FAE04EC0-301F-11D3-BF4B-00C04F79EFBC}") = "Craft_dish", "Craft_dish\Craft_dish.csproj", "{D85718C5-9946-40F6-9D35-2C6B44C6C9CA}"
EndProject
Project("{2150E333-8FDC-42A3-9474-1A3956D46DE8}") = "Solution Items", "Solution Items", "{6C5D9F6C-8565-4540-B2FC-21F4D68308FC}"
	ProjectSection(SolutionItems) = preProject
		.travis.yml = .travis.yml
		appium.bat = appium.bat
		appveyor.yml = appveyor.yml
	EndProjectSection
EndProject
Global
	GlobalSection(SolutionConfigurationPlatforms) = preSolution
		Debug|Any CPU = Debug|Any CPU
		Release|Any CPU = Release|Any CPU
	EndGlobalSection
	GlobalSection(ProjectConfigurationPlatforms) = postSolution
		{D85718C5-9946-40F6-9D35-2C6B44C6C9CA}.Debug|Any CPU.ActiveCfg = Debug|Any CPU
		{D85718C5-9946-40F6-9D35-2C6B44C6C9CA}.Debug|Any CPU.Build.0 = Debug|Any CPU
		{D85718C5-9946-40F6-9D35-2C6B44C6C9CA}.Debug|Any CPU.Deploy.0 = Debug|Any CPU
		{D85718C5-9946-40F6-9D35-2C6B44C6C9CA}.Release|Any CPU.ActiveCfg = Release|Any CPU
		{D85718C5-9946-40F6-9D35-2C6B44C6C9CA}.Release|Any CPU.Build.0 = Release|Any CPU
		{D85718C5-9946-40F6-9D35-2C6B44C6C9CA}.Release|Any CPU.Deploy.0 = Release|Any CPU
	EndGlobalSection
	GlobalSection(SolutionProperties) = preSolution
		HideSolutionNode = FALSE
	EndGlobalSection
	GlobalSection(ExtensibilityGlobals) = postSolution
		SolutionGuid = {7829AF79-EE1B-4C86-AA39-7A4B8E75B41A}
	EndGlobalSection
EndGlobal
